
Microsoft Visual Studio Solution File, Format Version 12.00
# Visual Studio Version 17
VisualStudioVersion = 17.9.34407.89
MinimumVisualStudioVersion = 10.0.40219.1
Project("{FAE04EC0-301F-11D3-BF4B-00C04F79EFBC}") = "praktika13", "praktika13\praktika13.csproj", "{53853A7A-6AD5-440A-9F79-8549A6E40F30}"
EndProject
Global
	GlobalSection(SolutionConfigurationPlatforms) = preSolution
		Debug|Any CPU = Debug|Any CPU
		Release|Any CPU = Release|Any CPU
	EndGlobalSection
	GlobalSection(ProjectConfigurationPlatforms) = postSolution
		{53853A7A-6AD5-440A-9F79-8549A6E40F30}.Debug|Any CPU.ActiveCfg = Debug|Any CPU
		{53853A7A-6AD5-440A-9F79-8549A6E40F30}.Debug|Any CPU.Build.0 = Debug|Any CPU
		{53853A7A-6AD5-440A-9F79-8549A6E40F30}.Release|Any CPU.ActiveCfg = Release|Any CPU
		{53853A7A-6AD5-440A-9F79-8549A6E40F30}.Release|Any CPU.Build.0 = Release|Any CPU
	EndGlobalSection
	GlobalSection(SolutionProperties) = preSolution
		HideSolutionNode = FALSE
	EndGlobalSection
	GlobalSection(ExtensibilityGlobals) = postSolution
		SolutionGuid = {CBFC33F9-8486-4A24-87D0-DA7BF84B0EF2}
	EndGlobalSection
EndGlobal
